
Microsoft Visual Studio Solution File, Format Version 12.00
# Visual Studio Version 17
VisualStudioVersion = 17.9.34728.123
MinimumVisualStudioVersion = 10.0.40219.1
Project("{FAE04EC0-301F-11D3-BF4B-00C04F79EFBC}") = "StockOptimize", "StockOptimize\StockOptimize.csproj", "{5E34B227-45A0-4248-A0E1-0B206A193EB0}"
EndProject
Global
	GlobalSection(SolutionConfigurationPlatforms) = preSolution
		Debug|Any CPU = Debug|Any CPU
		Release|Any CPU = Release|Any CPU
	EndGlobalSection
	GlobalSection(ProjectConfigurationPlatforms) = postSolution
		{5E34B227-45A0-4248-A0E1-0B206A193EB0}.Debug|Any CPU.ActiveCfg = Debug|Any CPU
		{5E34B227-45A0-4248-A0E1-0B206A193EB0}.Debug|Any CPU.Build.0 = Debug|Any CPU
		{5E34B227-45A0-4248-A0E1-0B206A193EB0}.Release|Any CPU.ActiveCfg = Release|Any CPU
		{5E34B227-45A0-4248-A0E1-0B206A193EB0}.Release|Any CPU.Build.0 = Release|Any CPU
	EndGlobalSection
	GlobalSection(SolutionProperties) = preSolution
		HideSolutionNode = FALSE
	EndGlobalSection
	GlobalSection(ExtensibilityGlobals) = postSolution
		SolutionGuid = {5799404C-A098-4009-8D8D-FDBE7F808276}
	EndGlobalSection
EndGlobal
